
Microsoft Visual Studio Solution File, Format Version 12.00
# Visual Studio Version 17
VisualStudioVersion = 17.13.35919.96
MinimumVisualStudioVersion = 10.0.40219.1
Project("{FAE04EC0-301F-11D3-BF4B-00C04F79EFBC}") = "ClientOrganizer.API", "ClientOrganizer.API\ClientOrganizer.API.csproj", "{55B9AD0A-5D7C-429E-B352-BE056F8AE9F7}"
EndProject
Project("{FAE04EC0-301F-11D3-BF4B-00C04F79EFBC}") = "ClientOrganizer.FunctionApp", "ClientOrganizer.FunctionApp\ClientOrganizer.FunctionApp.csproj", "{8E9401EA-BAFB-4FB7-BE47-A654B4C4E59C}"
EndProject
Global
	GlobalSection(SolutionConfigurationPlatforms) = preSolution
		Debug|Any CPU = Debug|Any CPU
		Release|Any CPU = Release|Any CPU
	EndGlobalSection
	GlobalSection(ProjectConfigurationPlatforms) = postSolution
		{55B9AD0A-5D7C-429E-B352-BE056F8AE9F7}.Debug|Any CPU.ActiveCfg = Debug|Any CPU
		{55B9AD0A-5D7C-429E-B352-BE056F8AE9F7}.Debug|Any CPU.Build.0 = Debug|Any CPU
		{55B9AD0A-5D7C-429E-B352-BE056F8AE9F7}.Release|Any CPU.ActiveCfg = Release|Any CPU
		{55B9AD0A-5D7C-429E-B352-BE056F8AE9F7}.Release|Any CPU.Build.0 = Release|Any CPU
		{8E9401EA-BAFB-4FB7-BE47-A654B4C4E59C}.Debug|Any CPU.ActiveCfg = Debug|Any CPU
		{8E9401EA-BAFB-4FB7-BE47-A654B4C4E59C}.Debug|Any CPU.Build.0 = Debug|Any CPU
		{8E9401EA-BAFB-4FB7-BE47-A654B4C4E59C}.Release|Any CPU.ActiveCfg = Release|Any CPU
		{8E9401EA-BAFB-4FB7-BE47-A654B4C4E59C}.Release|Any CPU.Build.0 = Release|Any CPU
	EndGlobalSection
	GlobalSection(SolutionProperties) = preSolution
		HideSolutionNode = FALSE
	EndGlobalSection
	GlobalSection(ExtensibilityGlobals) = postSolution
		SolutionGuid = {C3B43F49-2D42-41F4-9B9B-334D75E1AF36}
	EndGlobalSection
EndGlobal
